
Microsoft Visual Studio Solution File, Format Version 12.00
# Visual Studio 14
VisualStudioVersion = 14.0.25123.0
MinimumVisualStudioVersion = 10.0.40219.1
Project("{FAE04EC0-301F-11D3-BF4B-00C04F79EFBC}") = "HomeCinema.Entities", "HomeCinema.Entities\HomeCinema.Entities.csproj", "{844EB6DC-F9CC-4B97-B4D3-647A6144EE8B}"
EndProject
Project("{FAE04EC0-301F-11D3-BF4B-00C04F79EFBC}") = "HomeCinema.Data", "HomeCinema.Data\HomeCinema.Data.csproj", "{65B34314-122B-435B-8F71-25E1B02AF8E8}"
EndProject
Global
	GlobalSection(SolutionConfigurationPlatforms) = preSolution
		Debug|Any CPU = Debug|Any CPU
		Release|Any CPU = Release|Any CPU
	EndGlobalSection
	GlobalSection(ProjectConfigurationPlatforms) = postSolution
		{844EB6DC-F9CC-4B97-B4D3-647A6144EE8B}.Debug|Any CPU.ActiveCfg = Debug|Any CPU
		{844EB6DC-F9CC-4B97-B4D3-647A6144EE8B}.Debug|Any CPU.Build.0 = Debug|Any CPU
		{844EB6DC-F9CC-4B97-B4D3-647A6144EE8B}.Release|Any CPU.ActiveCfg = Release|Any CPU
		{844EB6DC-F9CC-4B97-B4D3-647A6144EE8B}.Release|Any CPU.Build.0 = Release|Any CPU
		{65B34314-122B-435B-8F71-25E1B02AF8E8}.Debug|Any CPU.ActiveCfg = Debug|Any CPU
		{65B34314-122B-435B-8F71-25E1B02AF8E8}.Debug|Any CPU.Build.0 = Debug|Any CPU
		{65B34314-122B-435B-8F71-25E1B02AF8E8}.Release|Any CPU.ActiveCfg = Release|Any CPU
		{65B34314-122B-435B-8F71-25E1B02AF8E8}.Release|Any CPU.Build.0 = Release|Any CPU
	EndGlobalSection
	GlobalSection(SolutionProperties) = preSolution
		HideSolutionNode = FALSE
	EndGlobalSection
EndGlobal
